Microsoft Visual Studio Solution File, Format Version 12.00
# Visual Studio Version 17
VisualStudioVersion = 17.5.2.0
MinimumVisualStudioVersion = 10.0.40219.1
Project("{FAE04EC0-301F-11D3-BF4B-00C04F79EFBC}") = "JokeProcessing", "JokeProcessing\JokeProcessing.csproj", "{0EFEAF52-2AAC-4A74-87BA-450A24DD12F1}"
EndProject
Project("{FAE04EC0-301F-11D3-BF4B-00C04F79EFBC}") = "JokeProcessing.Tests", "JokeProcessing.Tests\JokeProcessing.Tests.csproj", "{90B79B93-65EE-4715-B1FB-475DA866930C}"
EndProject
Global
	GlobalSection(SolutionConfigurationPlatforms) = preSolution
		Debug|Any CPU = Debug|Any CPU
		Release|Any CPU = Release|Any CPU
	EndGlobalSection
	GlobalSection(ProjectConfigurationPlatforms) = postSolution
		{3C340D88-D7C6-7924-C038-9F0F2E27DA5C}.Debug|Any CPU.ActiveCfg = Debug|Any CPU
		{3C340D88-D7C6-7924-C038-9F0F2E27DA5C}.Debug|Any CPU.Build.0 = Debug|Any CPU
		{3C340D88-D7C6-7924-C038-9F0F2E27DA5C}.Release|Any CPU.ActiveCfg = Release|Any CPU
		{3C340D88-D7C6-7924-C038-9F0F2E27DA5C}.Release|Any CPU.Build.0 = Release|Any CPU
		{A918CADC-A908-4236-B3A9-303C6CD263A5}.Debug|Any CPU.ActiveCfg = Debug|Any CPU
		{A918CADC-A908-4236-B3A9-303C6CD263A5}.Debug|Any CPU.Build.0 = Debug|Any CPU
		{A918CADC-A908-4236-B3A9-303C6CD263A5}.Release|Any CPU.ActiveCfg = Release|Any CPU
		{A918CADC-A908-4236-B3A9-303C6CD263A5}.Release|Any CPU.Build.0 = Release|Any CPU
		{0EFEAF52-2AAC-4A74-87BA-450A24DD12F1}.Debug|Any CPU.ActiveCfg = Debug|Any CPU
		{0EFEAF52-2AAC-4A74-87BA-450A24DD12F1}.Debug|Any CPU.Build.0 = Debug|Any CPU
		{0EFEAF52-2AAC-4A74-87BA-450A24DD12F1}.Release|Any CPU.ActiveCfg = Release|Any CPU
		{0EFEAF52-2AAC-4A74-87BA-450A24DD12F1}.Release|Any CPU.Build.0 = Release|Any CPU
		{90B79B93-65EE-4715-B1FB-475DA866930C}.Debug|Any CPU.ActiveCfg = Debug|Any CPU
		{90B79B93-65EE-4715-B1FB-475DA866930C}.Debug|Any CPU.Build.0 = Debug|Any CPU
		{90B79B93-65EE-4715-B1FB-475DA866930C}.Release|Any CPU.ActiveCfg = Release|Any CPU
		{90B79B93-65EE-4715-B1FB-475DA866930C}.Release|Any CPU.Build.0 = Release|Any CPU
	EndGlobalSection
	GlobalSection(SolutionProperties) = preSolution
		HideSolutionNode = FALSE
	EndGlobalSection
	GlobalSection(ExtensibilityGlobals) = postSolution
		SolutionGuid = {80AE85F3-860B-4965-B95B-4DFEA40D45D8}
	EndGlobalSection
EndGlobal
